
Microsoft Visual Studio Solution File, Format Version 12.00
# Visual Studio Version 17
VisualStudioVersion = 17.3.32901.215
MinimumVisualStudioVersion = 10.0.40219.1
Project("{9A19103F-16F7-4668-BE54-9A1E7A4F7556}") = "SteamMarket", "SteamMarket.csproj", "{7DD709EE-1761-496F-BAD5-B297844FE9BA}"
EndProject
Global
	GlobalSection(SolutionConfigurationPlatforms) = preSolution
		Debug|Any CPU = Debug|Any CPU
		Release|Any CPU = Release|Any CPU
	EndGlobalSection
	GlobalSection(ProjectConfigurationPlatforms) = postSolution
		{7DD709EE-1761-496F-BAD5-B297844FE9BA}.Debug|Any CPU.ActiveCfg = Debug|Any CPU
		{7DD709EE-1761-496F-BAD5-B297844FE9BA}.Debug|Any CPU.Build.0 = Debug|Any CPU
		{7DD709EE-1761-496F-BAD5-B297844FE9BA}.Release|Any CPU.ActiveCfg = Release|Any CPU
		{7DD709EE-1761-496F-BAD5-B297844FE9BA}.Release|Any CPU.Build.0 = Release|Any CPU
	EndGlobalSection
	GlobalSection(SolutionProperties) = preSolution
		HideSolutionNode = FALSE
	EndGlobalSection
	GlobalSection(ExtensibilityGlobals) = postSolution
		SolutionGuid = {4500155E-EDFD-4FEC-8BA4-99476E5B4D04}
	EndGlobalSection
EndGlobal
